
Microsoft Visual Studio Solution File, Format Version 12.00
# Visual Studio 14
VisualStudioVersion = 14.0.25123.0
MinimumVisualStudioVersion = 10.0.40219.1
Project("{FAE04EC0-301F-11D3-BF4B-00C04F79EFBC}") = "kyt", "kyt\kyt.csproj", "{8116707B-01EC-410C-8C78-C45E771D52BC}"
EndProject
Project("{54435603-DBB4-11D2-8724-00A0C9A8B90C}") = "Setup", "Setup\Setup.vdproj", "{1D31085C-14E1-4D3C-9FDA-7E809F6678FA}"
EndProject
Global
	GlobalSection(SolutionConfigurationPlatforms) = preSolution
		Debug|Any CPU = Debug|Any CPU
		Release|Any CPU = Release|Any CPU
		Test|Any CPU = Test|Any CPU
	EndGlobalSection
	GlobalSection(ProjectConfigurationPlatforms) = postSolution
		{8116707B-01EC-410C-8C78-C45E771D52BC}.Debug|Any CPU.ActiveCfg = Debug|Any CPU
		{8116707B-01EC-410C-8C78-C45E771D52BC}.Debug|Any CPU.Build.0 = Debug|Any CPU
		{8116707B-01EC-410C-8C78-C45E771D52BC}.Release|Any CPU.ActiveCfg = Release|Any CPU
		{8116707B-01EC-410C-8C78-C45E771D52BC}.Release|Any CPU.Build.0 = Release|Any CPU
		{8116707B-01EC-410C-8C78-C45E771D52BC}.Test|Any CPU.ActiveCfg = Test|Any CPU
		{8116707B-01EC-410C-8C78-C45E771D52BC}.Test|Any CPU.Build.0 = Test|Any CPU
		{1D31085C-14E1-4D3C-9FDA-7E809F6678FA}.Debug|Any CPU.ActiveCfg = Debug
		{1D31085C-14E1-4D3C-9FDA-7E809F6678FA}.Release|Any CPU.ActiveCfg = Release
		{1D31085C-14E1-4D3C-9FDA-7E809F6678FA}.Test|Any CPU.ActiveCfg = Release
	EndGlobalSection
	GlobalSection(SolutionProperties) = preSolution
		HideSolutionNode = FALSE
	EndGlobalSection
EndGlobal
